
Microsoft Visual Studio Solution File, Format Version 12.00
# Visual Studio Version 16
VisualStudioVersion = 16.0.31424.327
MinimumVisualStudioVersion = 10.0.40219.1
Project("{FAE04EC0-301F-11D3-BF4B-00C04F79EFBC}") = "CinemaAutomation", "CinemaAutomation\CinemaAutomation.csproj", "{27097795-455F-4A67-AB2F-8BD835DAC02F}"
EndProject
Global
	GlobalSection(SolutionConfigurationPlatforms) = preSolution
		Debug|Any CPU = Debug|Any CPU
		Release|Any CPU = Release|Any CPU
	EndGlobalSection
	GlobalSection(ProjectConfigurationPlatforms) = postSolution
		{27097795-455F-4A67-AB2F-8BD835DAC02F}.Debug|Any CPU.ActiveCfg = Debug|Any CPU
		{27097795-455F-4A67-AB2F-8BD835DAC02F}.Debug|Any CPU.Build.0 = Debug|Any CPU
		{27097795-455F-4A67-AB2F-8BD835DAC02F}.Release|Any CPU.ActiveCfg = Release|Any CPU
		{27097795-455F-4A67-AB2F-8BD835DAC02F}.Release|Any CPU.Build.0 = Release|Any CPU
	EndGlobalSection
	GlobalSection(SolutionProperties) = preSolution
		HideSolutionNode = FALSE
	EndGlobalSection
	GlobalSection(ExtensibilityGlobals) = postSolution
		SolutionGuid = {FB1148E0-31E8-4242-80CB-29F094996321}
	EndGlobalSection
EndGlobal
